
Microsoft Visual Studio Solution File, Format Version 12.00
# Visual Studio Version 17
VisualStudioVersion = 17.5.002.0
MinimumVisualStudioVersion = 10.0.40219.1
Project("{9A19103F-16F7-4668-BE54-9A1E7A4F7556}") = "c-sharp", "c-sharp.csproj", "{FBF46340-81C3-4EAF-82D7-1C872FBDDEE4}"
EndProject
Global
	GlobalSection(SolutionConfigurationPlatforms) = preSolution
		Debug|Any CPU = Debug|Any CPU
		Release|Any CPU = Release|Any CPU
	EndGlobalSection
	GlobalSection(ProjectConfigurationPlatforms) = postSolution
		{FBF46340-81C3-4EAF-82D7-1C872FBDDEE4}.Debug|Any CPU.ActiveCfg = Debug|Any CPU
		{FBF46340-81C3-4EAF-82D7-1C872FBDDEE4}.Debug|Any CPU.Build.0 = Debug|Any CPU
		{FBF46340-81C3-4EAF-82D7-1C872FBDDEE4}.Release|Any CPU.ActiveCfg = Release|Any CPU
		{FBF46340-81C3-4EAF-82D7-1C872FBDDEE4}.Release|Any CPU.Build.0 = Release|Any CPU
	EndGlobalSection
	GlobalSection(SolutionProperties) = preSolution
		HideSolutionNode = FALSE
	EndGlobalSection
	GlobalSection(ExtensibilityGlobals) = postSolution
		SolutionGuid = {0E116836-BBF9-4872-AA14-CBA33FC374BF}
	EndGlobalSection
EndGlobal
